<?xml version="1.0" encoding="utf-8"?>
<Project ToolsVersion="4.0" xmlns="http://schemas.microsoft.com/developer/msbuild/2003">
  <ItemGroup>
    <ClCompile Include="circle.cpp" />
    <ClCompile Include="conversions.cpp" />
    <ClCompile Include="fourier.cpp" />
    <ClCompile Include="hist.cpp" />
    <ClCompile Include="main.cpp" />
    <ClCompile Include="ex5.cpp" />
    <ClCompile Include="ex4.cpp" />
    <ClCompile Include="regions_islands.cpp" />
    <ClCompile Include="terrain.cpp" />
    <ClCompile Include="terrain2.cpp" />
    <ClCompile Include="utils.cpp" />
    <ClCompile Include="webcam_capture.cpp" />
  </ItemGroup>
  <ItemGroup>
    <ClInclude Include="mars.h" />
    <ClInclude Include="rover.h" />
  </ItemGroup>
  <ItemGroup>
    <Image Include="Images\mars4.jpeg" />
  </ItemGroup>
</Project>